
Microsoft Visual Studio Solution File, Format Version 12.00
# Visual Studio 15
VisualStudioVersion = 15.0.28307.705
MinimumVisualStudioVersion = 10.0.40219.1
Project("{9A19103F-16F7-4668-BE54-9A1E7A4F7556}") = "Demo", "Demo\Demo.csproj", "{002049D2-A823-4AAE-AB09-79B0F86DF9E2}"
EndProject
Project("{9A19103F-16F7-4668-BE54-9A1E7A4F7556}") = "XUnitTestProject1", "XUnitTestProject1\XUnitTestProject1.csproj", "{BD8F624A-4E9A-4C52-90C2-51166AFC69C8}"
EndProject
Project("{9A19103F-16F7-4668-BE54-9A1E7A4F7556}") = "TodoApi", "TodoApi\TodoApi.csproj", "{E434BDE1-0E47-4EC9-BFD4-5215BCF64BA6}"
EndProject
Project("{8BC9CEB8-8B4A-11D0-8D11-00A0C91BC942}") = "CProject1", "CProject1\CProject1.vcxproj", "{E4E15F56-3D43-436D-8E10-250EE08F326D}"
EndProject
Project("{FAE04EC0-301F-11D3-BF4B-00C04F79EFBC}") = "MVCDemo", "MVCDemo\MVCDemo.csproj", "{50EED641-EEA5-49AF-9155-1E3E73C804A5}"
EndProject
Global
	GlobalSection(SolutionConfigurationPlatforms) = preSolution
		Debug|Any CPU = Debug|Any CPU
		Debug|ARM = Debug|ARM
		Debug|ARM64 = Debug|ARM64
		Debug|x64 = Debug|x64
		Debug|x86 = Debug|x86
		Release|Any CPU = Release|Any CPU
		Release|ARM = Release|ARM
		Release|ARM64 = Release|ARM64
		Release|x64 = Release|x64
		Release|x86 = Release|x86
	EndGlobalSection
	GlobalSection(ProjectConfigurationPlatforms) = postSolution
		{002049D2-A823-4AAE-AB09-79B0F86DF9E2}.Debug|Any CPU.ActiveCfg = Debug|Any CPU
		{002049D2-A823-4AAE-AB09-79B0F86DF9E2}.Debug|Any CPU.Build.0 = Debug|Any CPU
		{002049D2-A823-4AAE-AB09-79B0F86DF9E2}.Debug|ARM.ActiveCfg = Debug|Any CPU
		{002049D2-A823-4AAE-AB09-79B0F86DF9E2}.Debug|ARM.Build.0 = Debug|Any CPU
		{002049D2-A823-4AAE-AB09-79B0F86DF9E2}.Debug|ARM64.ActiveCfg = Debug|Any CPU
		{002049D2-A823-4AAE-AB09-79B0F86DF9E2}.Debug|ARM64.Build.0 = Debug|Any CPU
		{002049D2-A823-4AAE-AB09-79B0F86DF9E2}.Debug|x64.ActiveCfg = Debug|Any CPU
		{002049D2-A823-4AAE-AB09-79B0F86DF9E2}.Debug|x64.Build.0 = Debug|Any CPU
		{002049D2-A823-4AAE-AB09-79B0F86DF9E2}.Debug|x86.ActiveCfg = Debug|Any CPU
		{002049D2-A823-4AAE-AB09-79B0F86DF9E2}.Debug|x86.Build.0 = Debug|Any CPU
		{002049D2-A823-4AAE-AB09-79B0F86DF9E2}.Release|Any CPU.ActiveCfg = Release|Any CPU
		{002049D2-A823-4AAE-AB09-79B0F86DF9E2}.Release|Any CPU.Build.0 = Release|Any CPU
		{002049D2-A823-4AAE-AB09-79B0F86DF9E2}.Release|ARM.ActiveCfg = Release|Any CPU
		{002049D2-A823-4AAE-AB09-79B0F86DF9E2}.Release|ARM.Build.0 = Release|Any CPU
		{002049D2-A823-4AAE-AB09-79B0F86DF9E2}.Release|ARM64.ActiveCfg = Release|Any CPU
		{002049D2-A823-4AAE-AB09-79B0F86DF9E2}.Release|ARM64.Build.0 = Release|Any CPU
		{002049D2-A823-4AAE-AB09-79B0F86DF9E2}.Release|x64.ActiveCfg = Release|Any CPU
		{002049D2-A823-4AAE-AB09-79B0F86DF9E2}.Release|x64.Build.0 = Release|Any CPU
		{002049D2-A823-4AAE-AB09-79B0F86DF9E2}.Release|x86.ActiveCfg = Release|Any CPU
		{002049D2-A823-4AAE-AB09-79B0F86DF9E2}.Release|x86.Build.0 = Release|Any CPU
		{BD8F624A-4E9A-4C52-90C2-51166AFC69C8}.Debug|Any CPU.ActiveCfg = Debug|Any CPU
		{BD8F624A-4E9A-4C52-90C2-51166AFC69C8}.Debug|Any CPU.Build.0 = Debug|Any CPU
		{BD8F624A-4E9A-4C52-90C2-51166AFC69C8}.Debug|ARM.ActiveCfg = Debug|Any CPU
		{BD8F624A-4E9A-4C52-90C2-51166AFC69C8}.Debug|ARM.Build.0 = Debug|Any CPU
		{BD8F624A-4E9A-4C52-90C2-51166AFC69C8}.Debug|ARM64.ActiveCfg = Debug|Any CPU
		{BD8F624A-4E9A-4C52-90C2-51166AFC69C8}.Debug|ARM64.Build.0 = Debug|Any CPU
		{BD8F624A-4E9A-4C52-90C2-51166AFC69C8}.Debug|x64.ActiveCfg = Debug|Any CPU
		{BD8F624A-4E9A-4C52-90C2-51166AFC69C8}.Debug|x64.Build.0 = Debug|Any CPU
		{BD8F624A-4E9A-4C52-90C2-51166AFC69C8}.Debug|x86.ActiveCfg = Debug|Any CPU
		{BD8F624A-4E9A-4C52-90C2-51166AFC69C8}.Debug|x86.Build.0 = Debug|Any CPU
		{BD8F624A-4E9A-4C52-90C2-51166AFC69C8}.Release|Any CPU.ActiveCfg = Release|Any CPU
		{BD8F624A-4E9A-4C52-90C2-51166AFC69C8}.Release|Any CPU.Build.0 = Release|Any CPU
		{BD8F624A-4E9A-4C52-90C2-51166AFC69C8}.Release|ARM.ActiveCfg = Release|Any CPU
		{BD8F624A-4E9A-4C52-90C2-51166AFC69C8}.Release|ARM.Build.0 = Release|Any CPU
		{BD8F624A-4E9A-4C52-90C2-51166AFC69C8}.Release|ARM64.ActiveCfg = Release|Any CPU
		{BD8F624A-4E9A-4C52-90C2-51166AFC69C8}.Release|ARM64.Build.0 = Release|Any CPU
		{BD8F624A-4E9A-4C52-90C2-51166AFC69C8}.Release|x64.ActiveCfg = Release|Any CPU
		{BD8F624A-4E9A-4C52-90C2-51166AFC69C8}.Release|x64.Build.0 = Release|Any CPU
		{BD8F624A-4E9A-4C52-90C2-51166AFC69C8}.Release|x86.ActiveCfg = Release|Any CPU
		{BD8F624A-4E9A-4C52-90C2-51166AFC69C8}.Release|x86.Build.0 = Release|Any CPU
		{E434BDE1-0E47-4EC9-BFD4-5215BCF64BA6}.Debug|Any CPU.ActiveCfg = Debug|Any CPU
		{E434BDE1-0E47-4EC9-BFD4-5215BCF64BA6}.Debug|Any CPU.Build.0 = Debug|Any CPU
		{E434BDE1-0E47-4EC9-BFD4-5215BCF64BA6}.Debug|ARM.ActiveCfg = Debug|Any CPU
		{E434BDE1-0E47-4EC9-BFD4-5215BCF64BA6}.Debug|ARM.Build.0 = Debug|Any CPU
		{E434BDE1-0E47-4EC9-BFD4-5215BCF64BA6}.Debug|ARM64.ActiveCfg = Debug|Any CPU
		{E434BDE1-0E47-4EC9-BFD4-5215BCF64BA6}.Debug|ARM64.Build.0 = Debug|Any CPU
		{E434BDE1-0E47-4EC9-BFD4-5215BCF64BA6}.Debug|x64.ActiveCfg = Debug|Any CPU
		{E434BDE1-0E47-4EC9-BFD4-5215BCF64BA6}.Debug|x64.Build.0 = Debug|Any CPU
		{E434BDE1-0E47-4EC9-BFD4-5215BCF64BA6}.Debug|x86.ActiveCfg = Debug|Any CPU
		{E434BDE1-0E47-4EC9-BFD4-5215BCF64BA6}.Debug|x86.Build.0 = Debug|Any CPU
		{E434BDE1-0E47-4EC9-BFD4-5215BCF64BA6}.Release|Any CPU.ActiveCfg = Release|Any CPU
		{E434BDE1-0E47-4EC9-BFD4-5215BCF64BA6}.Release|Any CPU.Build.0 = Release|Any CPU
		{E434BDE1-0E47-4EC9-BFD4-5215BCF64BA6}.Release|ARM.ActiveCfg = Release|Any CPU
		{E434BDE1-0E47-4EC9-BFD4-5215BCF64BA6}.Release|ARM.Build.0 = Release|Any CPU
		{E434BDE1-0E47-4EC9-BFD4-5215BCF64BA6}.Release|ARM64.ActiveCfg = Release|Any CPU
		{E434BDE1-0E47-4EC9-BFD4-5215BCF64BA6}.Release|ARM64.Build.0 = Release|Any CPU
		{E434BDE1-0E47-4EC9-BFD4-5215BCF64BA6}.Release|x64.ActiveCfg = Release|Any CPU
		{E434BDE1-0E47-4EC9-BFD4-5215BCF64BA6}.Release|x64.Build.0 = Release|Any CPU
		{E434BDE1-0E47-4EC9-BFD4-5215BCF64BA6}.Release|x86.ActiveCfg = Release|Any CPU
		{E434BDE1-0E47-4EC9-BFD4-5215BCF64BA6}.Release|x86.Build.0 = Release|Any CPU
		{E4E15F56-3D43-436D-8E10-250EE08F326D}.Debug|Any CPU.ActiveCfg = Debug|Win32
		{E4E15F56-3D43-436D-8E10-250EE08F326D}.Debug|ARM.ActiveCfg = Debug|Win32
		{E4E15F56-3D43-436D-8E10-250EE08F326D}.Debug|ARM64.ActiveCfg = Debug|Win32
		{E4E15F56-3D43-436D-8E10-250EE08F326D}.Debug|x64.ActiveCfg = Debug|x64
		{E4E15F56-3D43-436D-8E10-250EE08F326D}.Debug|x64.Build.0 = Debug|x64
		{E4E15F56-3D43-436D-8E10-250EE08F326D}.Debug|x86.ActiveCfg = Debug|Win32
		{E4E15F56-3D43-436D-8E10-250EE08F326D}.Debug|x86.Build.0 = Debug|Win32
		{E4E15F56-3D43-436D-8E10-250EE08F326D}.Release|Any CPU.ActiveCfg = Release|Win32
		{E4E15F56-3D43-436D-8E10-250EE08F326D}.Release|ARM.ActiveCfg = Release|Win32
		{E4E15F56-3D43-436D-8E10-250EE08F326D}.Release|ARM64.ActiveCfg = Release|Win32
		{E4E15F56-3D43-436D-8E10-250EE08F326D}.Release|x64.ActiveCfg = Release|x64
		{E4E15F56-3D43-436D-8E10-250EE08F326D}.Release|x64.Build.0 = Release|x64
		{E4E15F56-3D43-436D-8E10-250EE08F326D}.Release|x86.ActiveCfg = Release|Win32
		{E4E15F56-3D43-436D-8E10-250EE08F326D}.Release|x86.Build.0 = Release|Win32
		{50EED641-EEA5-49AF-9155-1E3E73C804A5}.Debug|Any CPU.ActiveCfg = Debug|Any CPU
		{50EED641-EEA5-49AF-9155-1E3E73C804A5}.Debug|Any CPU.Build.0 = Debug|Any CPU
		{50EED641-EEA5-49AF-9155-1E3E73C804A5}.Debug|ARM.ActiveCfg = Debug|Any CPU
		{50EED641-EEA5-49AF-9155-1E3E73C804A5}.Debug|ARM.Build.0 = Debug|Any CPU
		{50EED641-EEA5-49AF-9155-1E3E73C804A5}.Debug|ARM64.ActiveCfg = Debug|Any CPU
		{50EED641-EEA5-49AF-9155-1E3E73C804A5}.Debug|ARM64.Build.0 = Debug|Any CPU
		{50EED641-EEA5-49AF-9155-1E3E73C804A5}.Debug|x64.ActiveCfg = Debug|Any CPU
		{50EED641-EEA5-49AF-9155-1E3E73C804A5}.Debug|x64.Build.0 = Debug|Any CPU
		{50EED641-EEA5-49AF-9155-1E3E73C804A5}.Debug|x86.ActiveCfg = Debug|Any CPU
		{50EED641-EEA5-49AF-9155-1E3E73C804A5}.Debug|x86.Build.0 = Debug|Any CPU
		{50EED641-EEA5-49AF-9155-1E3E73C804A5}.Release|Any CPU.ActiveCfg = Release|Any CPU
		{50EED641-EEA5-49AF-9155-1E3E73C804A5}.Release|Any CPU.Build.0 = Release|Any CPU
		{50EED641-EEA5-49AF-9155-1E3E73C804A5}.Release|ARM.ActiveCfg = Release|Any CPU
		{50EED641-EEA5-49AF-9155-1E3E73C804A5}.Release|ARM.Build.0 = Release|Any CPU
		{50EED641-EEA5-49AF-9155-1E3E73C804A5}.Release|ARM64.ActiveCfg = Release|Any CPU
		{50EED641-EEA5-49AF-9155-1E3E73C804A5}.Release|ARM64.Build.0 = Release|Any CPU
		{50EED641-EEA5-49AF-9155-1E3E73C804A5}.Release|x64.ActiveCfg = Release|Any CPU
		{50EED641-EEA5-49AF-9155-1E3E73C804A5}.Release|x64.Build.0 = Release|Any CPU
		{50EED641-EEA5-49AF-9155-1E3E73C804A5}.Release|x86.ActiveCfg = Release|Any CPU
		{50EED641-EEA5-49AF-9155-1E3E73C804A5}.Release|x86.Build.0 = Release|Any CPU
	EndGlobalSection
	GlobalSection(SolutionProperties) = preSolution
		HideSolutionNode = FALSE
	EndGlobalSection
	GlobalSection(ExtensibilityGlobals) = postSolution
		SolutionGuid = {1808AC13-9C8F-4925-B8E2-65C3C716FE2C}
	EndGlobalSection
EndGlobal
